
Microsoft Visual Studio Solution File, Format Version 12.00
# Visual Studio 15
VisualStudioVersion = 15.0.28307.852
MinimumVisualStudioVersion = 10.0.40219.1
Project("{FAE04EC0-301F-11D3-BF4B-00C04F79EFBC}") = "Congo_Market_Web", "Congo_Market_Web\Congo_Market_Web.csproj", "{51D8BAB9-085E-4168-A4C4-66223F763D64}"
EndProject
Global
	GlobalSection(SolutionConfigurationPlatforms) = preSolution
		Debug|Any CPU = Debug|Any CPU
		Release|Any CPU = Release|Any CPU
	EndGlobalSection
	GlobalSection(ProjectConfigurationPlatforms) = postSolution
		{51D8BAB9-085E-4168-A4C4-66223F763D64}.Debug|Any CPU.ActiveCfg = Debug|Any CPU
		{51D8BAB9-085E-4168-A4C4-66223F763D64}.Debug|Any CPU.Build.0 = Debug|Any CPU
		{51D8BAB9-085E-4168-A4C4-66223F763D64}.Release|Any CPU.ActiveCfg = Release|Any CPU
		{51D8BAB9-085E-4168-A4C4-66223F763D64}.Release|Any CPU.Build.0 = Release|Any CPU
	EndGlobalSection
	GlobalSection(SolutionProperties) = preSolution
		HideSolutionNode = FALSE
	EndGlobalSection
	GlobalSection(ExtensibilityGlobals) = postSolution
		SolutionGuid = {CF974541-B02C-48A6-8B4B-728F68D7AAA2}
	EndGlobalSection
EndGlobal
